
Microsoft Visual Studio Solution File, Format Version 12.00
# Visual Studio Version 17
VisualStudioVersion = 17.2.32616.157
MinimumVisualStudioVersion = 10.0.40219.1
Project("{FAE04EC0-301F-11D3-BF4B-00C04F79EFBC}") = "1312321", "1312321\1312321.csproj", "{50E2E85A-6E13-41EA-99E9-502114831A72}"
EndProject
Global
	GlobalSection(SolutionConfigurationPlatforms) = preSolution
		Debug|Any CPU = Debug|Any CPU
		Release|Any CPU = Release|Any CPU
	EndGlobalSection
	GlobalSection(ProjectConfigurationPlatforms) = postSolution
		{50E2E85A-6E13-41EA-99E9-502114831A72}.Debug|Any CPU.ActiveCfg = Debug|Any CPU
		{50E2E85A-6E13-41EA-99E9-502114831A72}.Debug|Any CPU.Build.0 = Debug|Any CPU
		{50E2E85A-6E13-41EA-99E9-502114831A72}.Release|Any CPU.ActiveCfg = Release|Any CPU
		{50E2E85A-6E13-41EA-99E9-502114831A72}.Release|Any CPU.Build.0 = Release|Any CPU
	EndGlobalSection
	GlobalSection(SolutionProperties) = preSolution
		HideSolutionNode = FALSE
	EndGlobalSection
	GlobalSection(ExtensibilityGlobals) = postSolution
		SolutionGuid = {0DD32CC7-ACB6-4237-BF95-627CC4891DD1}
	EndGlobalSection
EndGlobal
